{
  "name": "websocket-demo",
  "version": "1.0.0",
  "lockfileVersion": 1,
  "requires": true,
  "dependencies": {
    "@types/events": {
      "version": "1.2.0",
      "resolved": "http://registry.npm.taobao.org/@types/events/download/@types/events-1.2.0.tgz",
      "integrity": "sha1-gaZzHOTfQ2GeXIyUU4Oz5iqJ6oY=",
      "dev": true
    },
    "@types/node": {
      "version": "10.1.2",
      "resolved": "http://registry.npm.taobao.org/@types/node/download/@types/node-10.1.2.tgz",
      "integrity": "sha1-G5KKC6pAj8iuOsASzIE3Wt3BR8Y=",
      "dev": true
    },
    "@types/ws": {
      "version": "5.1.1",
      "resolved": "http://registry.npm.taobao.org/@types/ws/download/@types/ws-5.1.1.tgz",
      "integrity": "sha1-StwfGl6S5+DpVlj7NcfqsbxS9Kw=",
      "dev": true,
      "requires": {
        "@types/events": "1.2.0",
        "@types/node": "10.1.2"
      }
    },
    "async-limiter": {
      "version": "1.0.0",
      "resolved": "http://registry.npm.taobao.org/async-limiter/download/async-limiter-1.0.0.tgz",
      "integrity": "sha1-ePrtjD0HSrgfIrTphdeehzj3IPg="
    },
    "typescript": {
      "version": "2.8.3",
      "resolved": "http://registry.npm.taobao.org/typescript/download/typescript-2.8.3.tgz",
      "integrity": "sha1-XYF/m28xu4cYNfTt8AifIavmwXA=",
      "dev": true
    },
    "ws": {
      "version": "5.2.0",
      "resolved": "http://registry.npm.taobao.org/ws/download/ws-5.2.0.tgz",
      "integrity": "sha1-n9leOsfHb2rovMhooOPxHxKQwz4=",
      "requires": {
        "async-limiter": "1.0.0"
      }
    }
  }
}
